
Microsoft Visual Studio Solution File, Format Version 12.00
# Visual Studio Version 17
VisualStudioVersion = 17.11.35219.272
MinimumVisualStudioVersion = 10.0.40219.1
Project("{9A19103F-16F7-4668-BE54-9A1E7A4F7556}") = "RabbitMqProcessor.Publisher.Api", "RabbitMqProcessor.Publisher.Api\RabbitMqProcessor.Publisher.Api.csproj", "{DB9AF461-1B2B-423F-84C2-32E141027D5C}"
EndProject
Project("{9A19103F-16F7-4668-BE54-9A1E7A4F7556}") = "RabbitMqProcessor.Consumer.Console", "RabbitMqProcessor.Consumer.Console\RabbitMqProcessor.Consumer.Console.csproj", "{E738028E-EA39-4056-BACC-BD8D98299520}"
EndProject
Project("{9A19103F-16F7-4668-BE54-9A1E7A4F7556}") = "RabbitMqProcessor.Models", "RabbitMqProcessor.Models\RabbitMqProcessor.Models.csproj", "{BABA04E5-512F-47F0-AA51-DB549B33B624}"
EndProject
Project("{9A19103F-16F7-4668-BE54-9A1E7A4F7556}") = "RabbitMqProcessor.Services", "RabbitMqProcessor.Services\RabbitMqProcessor.Services.csproj", "{22E0B989-BE4C-4866-9170-A6DA73EC6FAA}"
EndProject
Project("{9A19103F-16F7-4668-BE54-9A1E7A4F7556}") = "RabbitMqProcessor.Repositories", "RabbitMqProcessor.Repositories\RabbitMqProcessor.Repositories.csproj", "{34C68A21-C6BE-48D4-8182-51983CA959F5}"
EndProject
Project("{2150E333-8FDC-42A3-9474-1A3956D46DE8}") = "Itens de Solução", "Itens de Solução", "{71B1A192-250C-4CA4-BCE4-9BE2629CB929}"
	ProjectSection(SolutionItems) = preProject
		..\Configuracao.pdf = ..\Configuracao.pdf
		..\docker-compose.yml = ..\docker-compose.yml
		..\RabbitMQ tutorial - _Hello World!_ _ RabbitMQ.pdf = ..\RabbitMQ tutorial - _Hello World!_ _ RabbitMQ.pdf
	EndProjectSection
EndProject
Global
	GlobalSection(SolutionConfigurationPlatforms) = preSolution
		Debug|Any CPU = Debug|Any CPU
		Release|Any CPU = Release|Any CPU
	EndGlobalSection
	GlobalSection(ProjectConfigurationPlatforms) = postSolution
		{DB9AF461-1B2B-423F-84C2-32E141027D5C}.Debug|Any CPU.ActiveCfg = Debug|Any CPU
		{DB9AF461-1B2B-423F-84C2-32E141027D5C}.Debug|Any CPU.Build.0 = Debug|Any CPU
		{DB9AF461-1B2B-423F-84C2-32E141027D5C}.Release|Any CPU.ActiveCfg = Release|Any CPU
		{DB9AF461-1B2B-423F-84C2-32E141027D5C}.Release|Any CPU.Build.0 = Release|Any CPU
		{E738028E-EA39-4056-BACC-BD8D98299520}.Debug|Any CPU.ActiveCfg = Debug|Any CPU
		{E738028E-EA39-4056-BACC-BD8D98299520}.Debug|Any CPU.Build.0 = Debug|Any CPU
		{E738028E-EA39-4056-BACC-BD8D98299520}.Release|Any CPU.ActiveCfg = Release|Any CPU
		{E738028E-EA39-4056-BACC-BD8D98299520}.Release|Any CPU.Build.0 = Release|Any CPU
		{BABA04E5-512F-47F0-AA51-DB549B33B624}.Debug|Any CPU.ActiveCfg = Debug|Any CPU
		{BABA04E5-512F-47F0-AA51-DB549B33B624}.Debug|Any CPU.Build.0 = Debug|Any CPU
		{BABA04E5-512F-47F0-AA51-DB549B33B624}.Release|Any CPU.ActiveCfg = Release|Any CPU
		{BABA04E5-512F-47F0-AA51-DB549B33B624}.Release|Any CPU.Build.0 = Release|Any CPU
		{22E0B989-BE4C-4866-9170-A6DA73EC6FAA}.Debug|Any CPU.ActiveCfg = Debug|Any CPU
		{22E0B989-BE4C-4866-9170-A6DA73EC6FAA}.Debug|Any CPU.Build.0 = Debug|Any CPU
		{22E0B989-BE4C-4866-9170-A6DA73EC6FAA}.Release|Any CPU.ActiveCfg = Release|Any CPU
		{22E0B989-BE4C-4866-9170-A6DA73EC6FAA}.Release|Any CPU.Build.0 = Release|Any CPU
		{34C68A21-C6BE-48D4-8182-51983CA959F5}.Debug|Any CPU.ActiveCfg = Debug|Any CPU
		{34C68A21-C6BE-48D4-8182-51983CA959F5}.Debug|Any CPU.Build.0 = Debug|Any CPU
		{34C68A21-C6BE-48D4-8182-51983CA959F5}.Release|Any CPU.ActiveCfg = Release|Any CPU
		{34C68A21-C6BE-48D4-8182-51983CA959F5}.Release|Any CPU.Build.0 = Release|Any CPU
	EndGlobalSection
	GlobalSection(SolutionProperties) = preSolution
		HideSolutionNode = FALSE
	EndGlobalSection
	GlobalSection(ExtensibilityGlobals) = postSolution
		SolutionGuid = {21EABEE1-F2EF-45B3-BFF3-59C63A2F633C}
	EndGlobalSection
EndGlobal
